# This file is @generated by PDM.
# It is not intended for manual editing.

[metadata]
groups = ["default", "dev"]
strategy = ["cross_platform", "inherit_metadata"]
lock_version = "4.4.1"
content_hash = "sha256:6e4f66b6b386f9f4c66482325f23adbc5804f51227b4865222c6ab47b69cc3b5"

[[package]]
name = "bidict"
version = "0.23.1"
requires_python = ">=3.8"
summary = "The bidirectional mapping library for Python."
groups = ["default"]
files = [
    {file = "bidict-0.23.1-py3-none-any.whl", hash = "sha256:5dae8d4d79b552a71cbabc7deb25dfe8ce710b17ff41711e13010ead2abfc3e5"},
    {file = "bidict-0.23.1.tar.gz", hash = "sha256:03069d763bc387bbd20e7d49914e75fc4132a41937fa3405417e1a5a2d006d71"},
]

[[package]]
name = "colorama"
version = "0.4.6"
requires_python = "!=3.0.*,!=3.1.*,!=3.2.*,!=3.3.*,!=3.4.*,!=3.5.*,!=3.6.*,>=2.7"
summary = "Cross-platform colored terminal text."
groups = ["default"]
marker = "platform_system == \"Windows\""
files = [
    {file = "colorama-0.4.6-py2.py3-none-any.whl", hash = "sha256:4f1d9991f5acc0ca119f9d443620b77f9d6b33703e51011c16baf57afb285fc6"},
    {file = "colorama-0.4.6.tar.gz", hash = "sha256:08695f5cb7ed6e0531a20572697297273c47b8cae5a63ffc6d6ed5c201be6e44"},
]

[[package]]
name = "fsspec"
version = "2024.2.0"
requires_python = ">=3.8"
summary = "File-system specification"
groups = ["default"]
files = [
    {file = "fsspec-2024.2.0-py3-none-any.whl", hash = "sha256:817f969556fa5916bc682e02ca2045f96ff7f586d45110fcb76022063ad2c7d8"},
    {file = "fsspec-2024.2.0.tar.gz", hash = "sha256:b6ad1a679f760dda52b1168c859d01b7b80648ea6f7f7c7f5a8a91dc3f3ecb84"},
]

[[package]]
name = "lingua-language-detector"
version = "2.0.2"
requires_python = ">=3.8"
summary = "An accurate natural language detection library, suitable for short text and mixed-language text"
groups = ["default"]
files = [
    {file = "lingua_language_detector-2.0.2-cp310-cp310-macosx_10_7_x86_64.whl", hash = "sha256:972b76218a2d72095c372e8b592b6ba0295a47880387de2d7c9c38da64d76a10"},
    {file = "lingua_language_detector-2.0.2-cp310-cp310-macosx_11_0_arm64.whl", hash = "sha256:9ae0c1fac75528db15c293160ff1d5feeba0dbc0d2f3a43e62ba07163cf81354"},
    {file = "lingua_language_detector-2.0.2-cp310-cp310-manylinux_2_12_i686.manylinux2010_i686.whl", hash = "sha256:51adc3ac5c39a1d245394e6f02a197896e380b908642f4a19bef7554029f6437"},
    {file = "lingua_language_detector-2.0.2-cp310-cp310-manylinux_2_17_aarch64.manylinux2014_aarch64.whl", hash = "sha256:013a57405ce9b5d03250fc50cd09b10122f21398851c4ecce98647fe7585b5f4"},
    {file = "lingua_language_detector-2.0.2-cp310-cp310-manylinux_2_17_x86_64.manylinux2014_x86_64.whl", hash = "sha256:d24190b5e75c466fe3117310aeae2d11e30e62dfb531c288a85b9b6ab11c94e2"},
    {file = "lingua_language_detector-2.0.2-cp310-none-win32.whl", hash = "sha256:ffa8eff2bbfbf80469a6c4ee3864ccfd4dc7150717e9a1abcf4580b354ccea10"},
    {file = "lingua_language_detector-2.0.2-cp310-none-win_amd64.whl", hash = "sha256:745befc3a1e4c9510d00ad34cac206b678944257fc8b5c1cd7b512310cd7fdbd"},
    {file = "lingua_language_detector-2.0.2-cp311-cp311-macosx_10_7_x86_64.whl", hash = "sha256:14216ee3aeb0c9ab6a5665d71a1399653fe635ed66f208165ed67346feeb2a5c"},
    {file = "lingua_language_detector-2.0.2-cp311-cp311-macosx_11_0_arm64.whl", hash = "sha256:ca558c52130a3a2a1fa432504fc71d4c6e2370340008d4bad261b33c05f81b3f"},
    {file = "lingua_language_detector-2.0.2-cp311-cp311-manylinux_2_12_i686.manylinux2010_i686.whl", hash = "sha256:a7ae33db037acb47c6517a938885dab4b8bf14e6d6b27a9fa7e237e8680babbc"},
    {file = "lingua_language_detector-2.0.2-cp311-cp311-manylinux_2_17_aarch64.manylinux2014_aarch64.whl", hash = "sha256:d6b22ad7d05db4ae6ef8ff127ccee2afb456941ddd781dc8675f110f77de8337"},
    {file = "lingua_language_detector-2.0.2-cp311-cp311-manylinux_2_17_x86_64.manylinux2014_x86_64.whl", hash = "sha256:5d39aa5ca1b2d51aee46c7c96fa7ad0463dd2471a1b9827019b71fa367c918be"},
    {file = "lingua_language_detector-2.0.2-cp311-none-win32.whl", hash = "sha256:c0a9fcaaf3a05b7b0b199414bfcdfc06a90b6779bfc37f784fafd45a0dad3201"},
    {file = "lingua_language_detector-2.0.2-cp311-none-win_amd64.whl", hash = "sha256:7ca5e4643cbb229c4eaae198458a5fafdeb812576edb3a160a5c2e4951d3cd1c"},
    {file = "lingua_language_detector-2.0.2-cp312-cp312-macosx_10_7_x86_64.whl", hash = "sha256:f5abfba01b9d1d4e23c647871203692f6e14cbd41a5d99a19ae3504e987a175c"},
    {file = "lingua_language_detector-2.0.2-cp312-cp312-macosx_11_0_arm64.whl", hash = "sha256:afb62a4ec7f758d1bc12e0bcb6178d762d4ca26cb5e005f5a24f79ef52f47dec"},
    {file = "lingua_language_detector-2.0.2-cp312-cp312-manylinux_2_12_i686.manylinux2010_i686.whl", hash = "sha256:3a9395f4030cf6eaaa7e432cb167fbaa577109c38114ab1dbdfdd75693b3048b"},
    {file = "lingua_language_detector-2.0.2-cp312-cp312-manylinux_2_17_aarch64.manylinux2014_aarch64.whl", hash = "sha256:ed54511cc9e4bb721c7f0530870494918985fabf3a30c1fe9a26649416ed83c7"},
    {file = "lingua_language_detector-2.0.2-cp312-cp312-manylinux_2_17_x86_64.manylinux2014_x86_64.whl", hash = "sha256:f1571a68601a60b3eaf246ce9c2ad7b9d515609116f3a01c7536f20e2f9e7437"},
    {file = "lingua_language_detector-2.0.2-cp312-none-win32.whl", hash = "sha256:9a256aadabf76a915910dd430724592f417942a443dc980a325a154c3f93f547"},
    {file = "lingua_language_detector-2.0.2-cp312-none-win_amd64.whl", hash = "sha256:72866175ff3d78b3d9244932ffbbb731471bca3758a2a825c60331ecdfb10851"},
    {file = "lingua_language_detector-2.0.2-cp38-cp38-macosx_10_7_x86_64.whl", hash = "sha256:99e59214d7f9a7f11f812b416cabfccfcdb6bc52a0cf67aa59f4d984d5e1296f"},
    {file = "lingua_language_detector-2.0.2-cp38-cp38-macosx_11_0_arm64.whl", hash = "sha256:801e5aec372f3f175838eaf9462f17028cf58924df737118845e3a9502a6d189"},
    {file = "lingua_language_detector-2.0.2-cp38-cp38-manylinux_2_12_i686.manylinux2010_i686.whl", hash = "sha256:b30bd3e63d8f0df6527b626c6eaf3836427ebf67dbdd527affbcedad0aa62cc4"},
    {file = "lingua_language_detector-2.0.2-cp38-cp38-manylinux_2_17_aarch64.manylinux2014_aarch64.whl", hash = "sha256:1bc34b9331fc2ded8a78610ac406fa0cb4772a43d6280ee7830cb507ff78a9d5"},
    {file = "lingua_language_detector-2.0.2-cp38-cp38-manylinux_2_17_x86_64.manylinux2014_x86_64.whl", hash = "sha256:06b75e2669df01fc49429a586aada9b316d0142aa5e1fcb692efe679c0beaef4"},
    {file = "lingua_language_detector-2.0.2-cp38-none-win32.whl", hash = "sha256:d9cf3b724c422c9902c8370c20725e321df5d6a53f98cba7210c02cd5d0fcb30"},
    {file = "lingua_language_detector-2.0.2-cp38-none-win_amd64.whl", hash = "sha256:278fa16dcb6b595daae796606dade38f80bcbf630f4816489a3ce0d719a71214"},
    {file = "lingua_language_detector-2.0.2-cp39-cp39-macosx_10_7_x86_64.whl", hash = "sha256:c568d1bc24ccf61a76d3b181139dbc519180f14e2eca437ba1e10a62efaf9e4a"},
    {file = "lingua_language_detector-2.0.2-cp39-cp39-macosx_11_0_arm64.whl", hash = "sha256:3e4a936dc42ce8c118afcba3ce5f964b9590c2ed84fb622b7b35c518e4ea1c90"},
    {file = "lingua_language_detector-2.0.2-cp39-cp39-manylinux_2_12_i686.manylinux2010_i686.whl", hash = "sha256:815f3290ab251907e142b82969a1d251c1c03d9ec2c71c8fbe5dc87f46152590"},
    {file = "lingua_language_detector-2.0.2-cp39-cp39-manylinux_2_17_aarch64.manylinux2014_aarch64.whl", hash = "sha256:01b69fc794474611978bbc922cbff154ef390287df47c1a48699c589a78587a2"},
    {file = "lingua_language_detector-2.0.2-cp39-cp39-manylinux_2_17_x86_64.manylinux2014_x86_64.whl", hash = "sha256:40629aeac21a3cbc6ea45b925c6adab66badd6c9fc1885285f2aa27658b86157"},
    {file = "lingua_language_detector-2.0.2-cp39-none-win32.whl", hash = "sha256:183c335b8f73286bb67a8a1a780145335af7fd03cc4e4de926da792d1ed120fe"},
    {file = "lingua_language_detector-2.0.2-cp39-none-win_amd64.whl", hash = "sha256:48203ec1fbd6be0b6af3888b9494d543b86f3cf8de6f9b1cd08867fa12cd673c"},
    {file = "lingua_language_detector-2.0.2-pp310-pypy310_pp73-macosx_10_7_x86_64.whl", hash = "sha256:fc6f2548fe6aa94ac0a0868cd67b468dc6b03982ecb9d6d04aeb6716d45995c2"},
    {file = "lingua_language_detector-2.0.2-pp310-pypy310_pp73-macosx_11_0_arm64.whl", hash = "sha256:9be364224fc088cf9b0e95fbe19dcc884238f9194ffd015d223400334f7f57c7"},
    {file = "lingua_language_detector-2.0.2-pp310-pypy310_pp73-manylinux_2_12_i686.manylinux2010_i686.whl", hash = "sha256:aa499e82d66e12a242f51de51517d86e4cf0969c29379a9bae16a12853519c80"},
    {file = "lingua_language_detector-2.0.2-pp310-pypy310_pp73-manylinux_2_17_aarch64.manylinux2014_aarch64.whl", hash = "sha256:9eb520f8de3906db10df68c4dcd48c5ed9a3c6eb593d3d94a9875627eead010a"},
    {file = "lingua_language_detector-2.0.2-pp310-pypy310_pp73-manylinux_2_17_x86_64.manylinux2014_x86_64.whl", hash = "sha256:ccb2aa354d659abddcaa067bc403fc32549d1f531ce99b5d4d336b7c796ed111"},
    {file = "lingua_language_detector-2.0.2-pp38-pypy38_pp73-macosx_10_7_x86_64.whl", hash = "sha256:d012d95f863c627d4a57a69084ec768a7add7d8ca5f87eb0b51b05d7f4b17232"},
    {file = "lingua_language_detector-2.0.2-pp38-pypy38_pp73-macosx_11_0_arm64.whl", hash = "sha256:9d26936378cf2d8c081be332f60d5b1b7e6ead66986cff85df00105f146f8aa2"},
    {file = "lingua_language_detector-2.0.2-pp38-pypy38_pp73-manylinux_2_12_i686.manylinux2010_i686.whl", hash = "sha256:d4115466f8dc4e63b6dc71fdd17ac39bc5ab334a0f2567237cff5a9f7515655c"},
    {file = "lingua_language_detector-2.0.2-pp38-pypy38_pp73-manylinux_2_17_aarch64.manylinux2014_aarch64.whl", hash = "sha256:ade311c8f7f419e4ad79065b5d757a49550131fc3b18fccb76cb949c562e0705"},
    {file = "lingua_language_detector-2.0.2-pp38-pypy38_pp73-manylinux_2_17_x86_64.manylinux2014_x86_64.whl", hash = "sha256:b4e861e49e75d37d26eb5c62c384b473d0641390b5f5f52c5ca30667b6573425"},
    {file = "lingua_language_detector-2.0.2-pp39-pypy39_pp73-macosx_10_7_x86_64.whl", hash = "sha256:0b5415d527be8e8ef9216c8d5aab8cc8e5271361342777a39133ca7e0e5e9944"},
    {file = "lingua_language_detector-2.0.2-pp39-pypy39_pp73-macosx_11_0_arm64.whl", hash = "sha256:796ba624c026ef978819d124d0d47685f2aeeec5b92315827187126347e7f406"},
    {file = "lingua_language_detector-2.0.2-pp39-pypy39_pp73-manylinux_2_12_i686.manylinux2010_i686.whl", hash = "sha256:b4c164c7c9e0a151a986ab52668f57e3de265f0b04fb804a8ff2a5cb8a2fd83d"},
    {file = "lingua_language_detector-2.0.2-pp39-pypy39_pp73-manylinux_2_17_aarch64.manylinux2014_aarch64.whl", hash = "sha256:ac1ca58c8b273ac3ea1a0aa5dccb613c4539b1e4eaf236b565836898a70bd03d"},
    {file = "lingua_language_detector-2.0.2-pp39-pypy39_pp73-manylinux_2_17_x86_64.manylinux2014_x86_64.whl", hash = "sha256:ae33435d749478623466aa6315917432de9114226ad0faa7dc02b5bf42faae77"},
]

[[package]]
name = "msgspec"
version = "0.18.6"
requires_python = ">=3.8"
summary = "A fast serialization and validation library, with builtin support for JSON, MessagePack, YAML, and TOML."
groups = ["default"]
files = [
    {file = "msgspec-0.18.6-cp310-cp310-macosx_10_9_x86_64.whl", hash = "sha256:77f30b0234eceeff0f651119b9821ce80949b4d667ad38f3bfed0d0ebf9d6d8f"},
    {file = "msgspec-0.18.6-cp310-cp310-macosx_11_0_arm64.whl", hash = "sha256:1a76b60e501b3932782a9da039bd1cd552b7d8dec54ce38332b87136c64852dd"},
    {file = "msgspec-0.18.6-cp310-cp310-manylinux_2_17_aarch64.manylinux2014_aarch64.whl", hash = "sha256:06acbd6edf175bee0e36295d6b0302c6de3aaf61246b46f9549ca0041a9d7177"},
    {file = "msgspec-0.18.6-cp310-cp310-manylinux_2_17_x86_64.manylinux2014_x86_64.whl", hash = "sha256:40a4df891676d9c28a67c2cc39947c33de516335680d1316a89e8f7218660410"},
    {file = "msgspec-0.18.6-cp310-cp310-musllinux_1_1_aarch64.whl", hash = "sha256:a6896f4cd5b4b7d688018805520769a8446df911eb93b421c6c68155cdf9dd5a"},
    {file = "msgspec-0.18.6-cp310-cp310-musllinux_1_1_x86_64.whl", hash = "sha256:3ac4dd63fd5309dd42a8c8c36c1563531069152be7819518be0a9d03be9788e4"},
    {file = "msgspec-0.18.6-cp310-cp310-win_amd64.whl", hash = "sha256:fda4c357145cf0b760000c4ad597e19b53adf01382b711f281720a10a0fe72b7"},
    {file = "msgspec-0.18.6-cp311-cp311-macosx_10_9_x86_64.whl", hash = "sha256:e77e56ffe2701e83a96e35770c6adb655ffc074d530018d1b584a8e635b4f36f"},
    {file = "msgspec-0.18.6-cp311-cp311-macosx_11_0_arm64.whl", hash = "sha256:d5351afb216b743df4b6b147691523697ff3a2fc5f3d54f771e91219f5c23aaa"},
    {file = "msgspec-0.18.6-cp311-cp311-manylinux_2_17_aarch64.manylinux2014_aarch64.whl", hash = "sha256:c3232fabacef86fe8323cecbe99abbc5c02f7698e3f5f2e248e3480b66a3596b"},
    {file = "msgspec-0.18.6-cp311-cp311-manylinux_2_17_x86_64.manylinux2014_x86_64.whl", hash = "sha256:e3b524df6ea9998bbc99ea6ee4d0276a101bcc1aa8d14887bb823914d9f60d07"},
    {file = "msgspec-0.18.6-cp311-cp311-musllinux_1_1_aarch64.whl", hash = "sha256:37f67c1d81272131895bb20d388dd8d341390acd0e192a55ab02d4d6468b434c"},
    {file = "msgspec-0.18.6-cp311-cp311-musllinux_1_1_x86_64.whl", hash = "sha256:d0feb7a03d971c1c0353de1a8fe30bb6579c2dc5ccf29b5f7c7ab01172010492"},
    {file = "msgspec-0.18.6-cp311-cp311-win_amd64.whl", hash = "sha256:41cf758d3f40428c235c0f27bc6f322d43063bc32da7b9643e3f805c21ed57b4"},
    {file = "msgspec-0.18.6-cp312-cp312-macosx_10_9_x86_64.whl", hash = "sha256:d86f5071fe33e19500920333c11e2267a31942d18fed4d9de5bc2fbab267d28c"},
    {file = "msgspec-0.18.6-cp312-cp312-macosx_11_0_arm64.whl", hash = "sha256:ce13981bfa06f5eb126a3a5a38b1976bddb49a36e4f46d8e6edecf33ccf11df1"},
    {file = "msgspec-0.18.6-cp312-cp312-manylinux_2_17_aarch64.manylinux2014_aarch64.whl", hash = "sha256:e97dec6932ad5e3ee1e3c14718638ba333befc45e0661caa57033cd4cc489466"},
    {file = "msgspec-0.18.6-cp312-cp312-manylinux_2_17_x86_64.manylinux2014_x86_64.whl", hash = "sha256:ad237100393f637b297926cae1868b0d500f764ccd2f0623a380e2bcfb2809ca"},
    {file = "msgspec-0.18.6-cp312-cp312-musllinux_1_1_aarch64.whl", hash = "sha256:db1d8626748fa5d29bbd15da58b2d73af25b10aa98abf85aab8028119188ed57"},
    {file = "msgspec-0.18.6-cp312-cp312-musllinux_1_1_x86_64.whl", hash = "sha256:d70cb3d00d9f4de14d0b31d38dfe60c88ae16f3182988246a9861259c6722af6"},
    {file = "msgspec-0.18.6-cp312-cp312-win_amd64.whl", hash = "sha256:1003c20bfe9c6114cc16ea5db9c5466e49fae3d7f5e2e59cb70693190ad34da0"},
    {file = "msgspec-0.18.6-cp38-cp38-macosx_10_9_x86_64.whl", hash = "sha256:f7d9faed6dfff654a9ca7d9b0068456517f63dbc3aa704a527f493b9200b210a"},
    {file = "msgspec-0.18.6-cp38-cp38-macosx_11_0_arm64.whl", hash = "sha256:9da21f804c1a1471f26d32b5d9bc0480450ea77fbb8d9db431463ab64aaac2cf"},
    {file = "msgspec-0.18.6-cp38-cp38-manylinux_2_17_aarch64.manylinux2014_aarch64.whl", hash = "sha256:46eb2f6b22b0e61c137e65795b97dc515860bf6ec761d8fb65fdb62aa094ba61"},
    {file = "msgspec-0.18.6-cp38-cp38-manylinux_2_17_x86_64.manylinux2014_x86_64.whl", hash = "sha256:c8355b55c80ac3e04885d72db515817d9fbb0def3bab936bba104e99ad22cf46"},
    {file = "msgspec-0.18.6-cp38-cp38-musllinux_1_1_aarch64.whl", hash = "sha256:9080eb12b8f59e177bd1eb5c21e24dd2ba2fa88a1dbc9a98e05ad7779b54c681"},
    {file = "msgspec-0.18.6-cp38-cp38-musllinux_1_1_x86_64.whl", hash = "sha256:cc001cf39becf8d2dcd3f413a4797c55009b3a3cdbf78a8bf5a7ca8fdb76032c"},
    {file = "msgspec-0.18.6-cp38-cp38-win_amd64.whl", hash = "sha256:fac5834e14ac4da1fca373753e0c4ec9c8069d1fe5f534fa5208453b6065d5be"},
    {file = "msgspec-0.18.6-cp39-cp39-macosx_10_9_x86_64.whl", hash = "sha256:974d3520fcc6b824a6dedbdf2b411df31a73e6e7414301abac62e6b8d03791b4"},
    {file = "msgspec-0.18.6-cp39-cp39-macosx_11_0_arm64.whl", hash = "sha256:fd62e5818731a66aaa8e9b0a1e5543dc979a46278da01e85c3c9a1a4f047ef7e"},
    {file = "msgspec-0.18.6-cp39-cp39-manylinux_2_17_aarch64.manylinux2014_aarch64.whl", hash = "sha256:7481355a1adcf1f08dedd9311193c674ffb8bf7b79314b4314752b89a2cf7f1c"},
    {file = "msgspec-0.18.6-cp39-cp39-manylinux_2_17_x86_64.manylinux2014_x86_64.whl", hash = "sha256:6aa85198f8f154cf35d6f979998f6dadd3dc46a8a8c714632f53f5d65b315c07"},
    {file = "msgspec-0.18.6-cp39-cp39-musllinux_1_1_aarch64.whl", hash = "sha256:0e24539b25c85c8f0597274f11061c102ad6b0c56af053373ba4629772b407be"},
    {file = "msgspec-0.18.6-cp39-cp39-musllinux_1_1_x86_64.whl", hash = "sha256:c61ee4d3be03ea9cd089f7c8e36158786cd06e51fbb62529276452bbf2d52ece"},
    {file = "msgspec-0.18.6-cp39-cp39-win_amd64.whl", hash = "sha256:b5c390b0b0b7da879520d4ae26044d74aeee5144f83087eb7842ba59c02bc090"},
    {file = "msgspec-0.18.6.tar.gz", hash = "sha256:a59fc3b4fcdb972d09138cb516dbde600c99d07c38fd9372a6ef500d2d031b4e"},
]

[[package]]
name = "polars"
version = "0.20.10"
requires_python = ">=3.8"
summary = "Blazingly fast DataFrame library"
groups = ["default"]
files = [
    {file = "polars-0.20.10-cp38-abi3-macosx_10_12_x86_64.whl", hash = "sha256:14b126dbe626c8df34a9cc1449dea270dbafd64deff88fc3620046e69e06f84c"},
    {file = "polars-0.20.10-cp38-abi3-macosx_11_0_arm64.whl", hash = "sha256:6d5f485dba006aa1ce443980b351a5cb8ff481cbbc51343debfbf66fb9594269"},
    {file = "polars-0.20.10-cp38-abi3-manylinux_2_17_x86_64.manylinux2014_x86_64.whl", hash = "sha256:ff934fe816856db7b72565b35abf1656db485772cd3bc5631071cef7ec1d10c7"},
    {file = "polars-0.20.10-cp38-abi3-manylinux_2_24_aarch64.whl", hash = "sha256:f5b7222ca39a4cbd286d9927d4924d2bc2ce6d7fc83a256bfd20b4199482722f"},
    {file = "polars-0.20.10-cp38-abi3-win_amd64.whl", hash = "sha256:082a22c0c1bfa1fe0c24198e646ffb19478b893f594ecf8e330c7cdc136f6e6b"},
    {file = "polars-0.20.10.tar.gz", hash = "sha256:ab32a232916df61c9377edcb5893d0b1624d810444d8fa627f9885d33819a8b7"},
]

[[package]]
name = "pyaes"
version = "1.6.1"
summary = "Pure-Python Implementation of the AES block-cipher and common modes of operation"
groups = ["default"]
files = [
    {file = "pyaes-1.6.1.tar.gz", hash = "sha256:02c1b1405c38d3c370b085fb952dd8bea3fadcee6411ad99f312cc129c536d8f"},
]

[[package]]
name = "pyasn1"
version = "0.5.1"
requires_python = "!=3.0.*,!=3.1.*,!=3.2.*,!=3.3.*,!=3.4.*,!=3.5.*,>=2.7"
summary = "Pure-Python implementation of ASN.1 types and DER/BER/CER codecs (X.208)"
groups = ["default"]
files = [
    {file = "pyasn1-0.5.1-py2.py3-none-any.whl", hash = "sha256:4439847c58d40b1d0a573d07e3856e95333f1976294494c325775aeca506eb58"},
    {file = "pyasn1-0.5.1.tar.gz", hash = "sha256:6d391a96e59b23130a5cfa74d6fd7f388dbbe26cc8f1edf39fdddf08d9d6676c"},
]

[[package]]
name = "python-dotenv"
version = "1.0.1"
requires_python = ">=3.8"
summary = "Read key-value pairs from a .env file and set them as environment variables"
groups = ["default"]
files = [
    {file = "python-dotenv-1.0.1.tar.gz", hash = "sha256:e324ee90a023d808f1959c46bcbc04446a10ced277783dc6ee09987c37ec10ca"},
    {file = "python_dotenv-1.0.1-py3-none-any.whl", hash = "sha256:f7b63ef50f1b690dddf550d03497b66d609393b40b564ed0d674909a68ebf16a"},
]

[[package]]
name = "rsa"
version = "4.9"
requires_python = ">=3.6,<4"
summary = "Pure-Python RSA implementation"
groups = ["default"]
dependencies = [
    "pyasn1>=0.1.3",
]
files = [
    {file = "rsa-4.9-py3-none-any.whl", hash = "sha256:90260d9058e514786967344d0ef75fa8727eed8a7d2e43ce9f4bcf1b536174f7"},
    {file = "rsa-4.9.tar.gz", hash = "sha256:e38464a49c6c85d7f1351b0126661487a7e0a14a50f1675ec50eb34d4f20ef21"},
]

[[package]]
name = "telethon"
version = "1.34.0"
requires_python = ">=3.5"
summary = "Full-featured Telegram client library for Python 3"
groups = ["default"]
dependencies = [
    "pyaes",
    "rsa",
]
files = [
    {file = "Telethon-1.34.0.tar.gz", hash = "sha256:55290809a30081fa0bb5052abb7547cbb25d7fbca94f32f13c147504d521804f"},
]

[[package]]
name = "tqdm"
version = "4.66.2"
requires_python = ">=3.7"
summary = "Fast, Extensible Progress Meter"
groups = ["default"]
dependencies = [
    "colorama; platform_system == \"Windows\"",
]
files = [
    {file = "tqdm-4.66.2-py3-none-any.whl", hash = "sha256:1ee4f8a893eb9bef51c6e35730cebf234d5d0b6bd112b0271e10ed7c24a02bd9"},
    {file = "tqdm-4.66.2.tar.gz", hash = "sha256:6cd52cdf0fef0e0f543299cfc96fec90d7b8a7e88745f411ec33eb44d5ed3531"},
]
